{
  "name": "webpack-boilerplate",
  "version": "1.0.0",
  "lockfileVersion": 1,
  "requires": true,
  "dependencies": {
    "@discoveryjs/json-ext": {
      "version": "0.5.2",
      "resolved": "https://artifactory.globoi.com/artifactory/api/npm/npm-repos/@discoveryjs/json-ext/-/json-ext-0.5.2.tgz",
      "integrity": "sha1-jwOiKgTeQ3JU6M6MyEujlokoh1I=",
      "dev": true
    },
    "@types/eslint": {
      "version": "7.2.6",
      "resolved": "https://artifactory.globoi.com/artifactory/api/npm/npm-repos/@types/eslint/-/eslint-7.2.6.tgz",
      "integrity": "sha1-Xpr/VVqXVZbAOpi1ns0QPezHDDw=",
      "dev": true,
      "requires": {
        "@types/estree": "*",
        "@types/json-schema": "*"
      }
    },
    "@types/eslint-scope": {
      "version": "3.7.0",
      "resolved": "https://artifactory.globoi.com/artifactory/api/npm/npm-repos/@types/eslint-scope/-/eslint-scope-3.7.0.tgz",
      "integrity": "sha1-R5KBbjERnr1QaQKkgsrsSVH6vYY=",
      "dev": true,
      "requires": {
        "@types/eslint": "*",
        "@types/estree": "*"
      }
    },
    "@types/estree": {
      "version": "0.0.45",
      "resolved": "https://artifactory.globoi.com/artifactory/api/npm/npm-repos/@types/estree/-/estree-0.0.45.tgz",
      "integrity": "sha1-6Th1cpmOXs2sIhlQ2rPow7Fq+IQ=",
      "dev": true
    },
    "@types/json-schema": {
      "version": "7.0.6",
      "resolved": "https://artifactory.globoi.com/artifactory/api/npm/npm-repos/@types/json-schema/-/json-schema-7.0.6.tgz",
      "integrity": "sha1-9MfsQ+gbMZqYFRFQMXCfJph4kfA=",
      "dev": true
    },
    "@types/node": {
      "version": "14.14.20",
      "resolved": "https://artifactory.globoi.com/artifactory/api/npm/npm-repos/@types/node/-/node-14.14.20.tgz",
      "integrity": "sha1-95dIY+3SHR+KSUpz6OKzZYYVw0A=",
      "dev": true
    },
    "@webassemblyjs/ast": {
      "version": "1.11.0",
      "resolved": "https://artifactory.globoi.com/artifactory/api/npm/npm-repos/@webassemblyjs/ast/-/ast-1.11.0.tgz",
      "integrity": "sha1-papnnv3J5RcHpCBxOdpXkgVVlh8=",
      "dev": true,
      "requires": {
        "@webassemblyjs/helper-numbers": "1.11.0",
        "@webassemblyjs/helper-wasm-bytecode": "1.11.0"
      }
    },
    "@webassemblyjs/floating-point-hex-parser": {
      "version": "1.11.0",
      "resolved": "https://artifactory.globoi.com/artifactory/api/npm/npm-repos/@webassemblyjs/floating-point-hex-parser/-/floating-point-hex-parser-1.11.0.tgz",
      "integrity": "sha1-NNYgUvRTzUMQHXLqtJZqAiWHlHw=",
      "dev": true
    },
    "@webassemblyjs/helper-api-error": {
      "version": "1.11.0",
      "resolved": "https://artifactory.globoi.com/artifactory/api/npm/npm-repos/@webassemblyjs/helper-api-error/-/helper-api-error-1.11.0.tgz",
      "integrity": "sha1-quqPs7kj9KqptRL/VBsBP/to0tQ=",
      "dev": true
    },
    "@webassemblyjs/helper-buffer": {
      "version": "1.11.0",
      "resolved": "https://artifactory.globoi.com/artifactory/api/npm/npm-repos/@webassemblyjs/helper-buffer/-/helper-buffer-1.11.0.tgz",
      "integrity": "sha1-0CbCXRdeOIp9valpTpHnQ8vptkI=",
      "dev": true
    },
    "@webassemblyjs/helper-numbers": {
      "version": "1.11.0",
      "resolved": "https://artifactory.globoi.com/artifactory/api/npm/npm-repos/@webassemblyjs/helper-numbers/-/helper-numbers-1.11.0.tgz",
      "integrity": "sha1-erBBctVOMSzG6kKG19n6J8iM1Pk=",
      "dev": true,
      "requires": {
        "@webassemblyjs/floating-point-hex-parser": "1.11.0",
        "@webassemblyjs/helper-api-error": "1.11.0",
        "@xtuc/long": "4.2.2"
      }
    },
    "@webassemblyjs/helper-wasm-bytecode": {
      "version": "1.11.0",
      "resolved": "https://artifactory.globoi.com/artifactory/api/npm/npm-repos/@webassemblyjs/helper-wasm-bytecode/-/helper-wasm-bytecode-1.11.0.tgz",
      "integrity": "sha1-hf3NpBKZAv6G+Bq/fnI2lT7FpOE=",
      "dev": true
    },
    "@webassemblyjs/helper-wasm-section": {
      "version": "1.11.0",
      "resolved": "https://artifactory.globoi.com/artifactory/api/npm/npm-repos/@webassemblyjs/helper-wasm-section/-/helper-wasm-section-1.11.0.tgz",
      "integrity": "sha1-nOLMiTACYlCcgBtK8RPRyiXBp1s=",
      "dev": true,
      "requires": {
        "@webassemblyjs/ast": "1.11.0",
        "@webassemblyjs/helper-buffer": "1.11.0",
        "@webassemblyjs/helper-wasm-bytecode": "1.11.0",
        "@webassemblyjs/wasm-gen": "1.11.0"
      }
    },
    "@webassemblyjs/ieee754": {
      "version": "1.11.0",
      "resolved": "https://artifactory.globoi.com/artifactory/api/npm/npm-repos/@webassemblyjs/ieee754/-/ieee754-1.11.0.tgz",
      "integrity": "sha1-RpddWD+YKPXQlKwhDiGUQcTm9c8=",
      "dev": true,
      "requires": {
        "@xtuc/ieee754": "^1.2.0"
      }
    },
    "@webassemblyjs/leb128": {
      "version": "1.11.0",
      "resolved": "https://artifactory.globoi.com/artifactory/api/npm/npm-repos/@webassemblyjs/leb128/-/leb128-1.11.0.tgz",
      "integrity": "sha1-9zU94d84qiAcup+4i0P0H3X/QDs=",
      "dev": true,
      "requires": {
        "@xtuc/long": "4.2.2"
      }
    },
    "@webassemblyjs/utf8": {
      "version": "1.11.0",
      "resolved": "https://artifactory.globoi.com/artifactory/api/npm/npm-repos/@webassemblyjs/utf8/-/utf8-1.11.0.tgz",
      "integrity": "sha1-huSPlZz0ng5QkfBppwm4YvWiyt8=",
      "dev": true
    },
    "@webassemblyjs/wasm-edit": {
      "version": "1.11.0",
      "resolved": "https://artifactory.globoi.com/artifactory/api/npm/npm-repos/@webassemblyjs/wasm-edit/-/wasm-edit-1.11.0.tgz",
      "integrity": "sha1-7kpcn2dwRqIQVCrmOJcJTCAny3g=",
      "dev": true,
      "requires": {
        "@webassemblyjs/ast": "1.11.0",
        "@webassemblyjs/helper-buffer": "1.11.0",
        "@webassemblyjs/helper-wasm-bytecode": "1.11.0",
        "@webassemblyjs/helper-wasm-section": "1.11.0",
        "@webassemblyjs/wasm-gen": "1.11.0",
        "@webassemblyjs/wasm-opt": "1.11.0",
        "@webassemblyjs/wasm-parser": "1.11.0",
        "@webassemblyjs/wast-printer": "1.11.0"
      }
    },
    "@webassemblyjs/wasm-gen": {
      "version": "1.11.0",
      "resolved": "https://artifactory.globoi.com/artifactory/api/npm/npm-repos/@webassemblyjs/wasm-gen/-/wasm-gen-1.11.0.tgz",
      "integrity": "sha1-PNs15wCC1Co1FmmI3aZPJM65er4=",
      "dev": true,
      "requires": {
        "@webassemblyjs/ast": "1.11.0",
        "@webassemblyjs/helper-wasm-bytecode": "1.11.0",
        "@webassemblyjs/ieee754": "1.11.0",
        "@webassemblyjs/leb128": "1.11.0",
        "@webassemblyjs/utf8": "1.11.0"
      }
    },
    "@webassemblyjs/wasm-opt": {
      "version": "1.11.0",
      "resolved": "https://artifactory.globoi.com/artifactory/api/npm/npm-repos/@webassemblyjs/wasm-opt/-/wasm-opt-1.11.0.tgz",
      "integrity": "sha1-FjiuGIE39LsDH1aKQTzSTTL5KXg=",
      "dev": true,
      "requires": {
        "@webassemblyjs/ast": "1.11.0",
        "@webassemblyjs/helper-buffer": "1.11.0",
        "@webassemblyjs/wasm-gen": "1.11.0",
        "@webassemblyjs/wasm-parser": "1.11.0"
      }
    },
    "@webassemblyjs/wasm-parser": {
      "version": "1.11.0",
      "resolved": "https://artifactory.globoi.com/artifactory/api/npm/npm-repos/@webassemblyjs/wasm-parser/-/wasm-parser-1.11.0.tgz",
      "integrity": "sha1-PmgLiDDVsT0eyGzELzjz1KdwB1Q=",
      "dev": true,
      "requires": {
        "@webassemblyjs/ast": "1.11.0",
        "@webassemblyjs/helper-api-error": "1.11.0",
        "@webassemblyjs/helper-wasm-bytecode": "1.11.0",
        "@webassemblyjs/ieee754": "1.11.0",
        "@webassemblyjs/leb128": "1.11.0",
        "@webassemblyjs/utf8": "1.11.0"
      }
    },
    "@webassemblyjs/wast-printer": {
      "version": "1.11.0",
      "resolved": "https://artifactory.globoi.com/artifactory/api/npm/npm-repos/@webassemblyjs/wast-printer/-/wast-printer-1.11.0.tgz",
      "integrity": "sha1-aA0falNl1tQBl0qOlJ4FR04fq34=",
      "dev": true,
      "requires": {
        "@webassemblyjs/ast": "1.11.0",
        "@xtuc/long": "4.2.2"
      }
    },
    "@webpack-cli/info": {
      "version": "1.2.1",
      "resolved": "https://artifactory.globoi.com/artifactory/api/npm/npm-repos/@webpack-cli/info/-/info-1.2.1.tgz",
      "integrity": "sha1-r5gxH5g9C5/OcoTPzxrK8en0h5w=",
      "dev": true,
      "requires": {
        "envinfo": "^7.7.3"
      }
    },
    "@webpack-cli/serve": {
      "version": "1.2.1",
      "resolved": "https://artifactory.globoi.com/artifactory/api/npm/npm-repos/@webpack-cli/serve/-/serve-1.2.1.tgz",
      "integrity": "sha1-dRPXp2nj+XlY3nmbW0mHRCWuM5Y=",
      "dev": true
    },
    "@xtuc/ieee754": {
      "version": "1.2.0",
      "resolved": "https://artifactory.globoi.com/artifactory/api/npm/npm-repos/@xtuc/ieee754/-/ieee754-1.2.0.tgz",
      "integrity": "sha1-7vAUoxRa5Hehy8AM0eVSM23Ot5A=",
      "dev": true
    },
    "@xtuc/long": {
      "version": "4.2.2",
      "resolved": "https://artifactory.globoi.com/artifactory/api/npm/npm-repos/@xtuc/long/-/long-4.2.2.tgz",
      "integrity": "sha1-0pHGpOl5ibXGHZrPOWrk/hM6cY0=",
      "dev": true
    },
    "acorn": {
      "version": "8.0.4",
      "resolved": "https://artifactory.globoi.com/artifactory/api/npm/npm-repos/acorn/-/acorn-8.0.4.tgz",
      "integrity": "sha1-ejrkGRRmpphO7g/jQHpPOqnbg1Q=",
      "dev": true
    },
    "ajv": {
      "version": "6.12.6",
      "resolved": "https://artifactory.globoi.com/artifactory/api/npm/npm-repos/ajv/-/ajv-6.12.6.tgz",
      "integrity": "sha1-uvWmLoArB9l3A0WG+MO69a3ybfQ=",
      "dev": true,
      "requires": {
        "fast-deep-equal": "^3.1.1",
        "fast-json-stable-stringify": "^2.0.0",
        "json-schema-traverse": "^0.4.1",
        "uri-js": "^4.2.2"
      }
    },
    "ajv-keywords": {
      "version": "3.5.2",
      "resolved": "https://artifactory.globoi.com/artifactory/api/npm/npm-repos/ajv-keywords/-/ajv-keywords-3.5.2.tgz",
      "integrity": "sha1-MfKdpatuANHC0yms97WSlhTVAU0=",
      "dev": true
    },
    "ansi-colors": {
      "version": "4.1.1",
      "resolved": "https://artifactory.globoi.com/artifactory/api/npm/npm-repos/ansi-colors/-/ansi-colors-4.1.1.tgz",
      "integrity": "sha1-y7muJWv3UK8eqzRPIpqif+lLo0g=",
      "dev": true
    },
    "browserslist": {
      "version": "4.16.1",
      "resolved": "https://artifactory.globoi.com/artifactory/api/npm/npm-repos/browserslist/-/browserslist-4.16.1.tgz",
      "integrity": "sha1-v3V6LaN2s0R7gAoW8PHJY1gTh2Y=",
      "dev": true,
      "requires": {
        "caniuse-lite": "^1.0.30001173",
        "colorette": "^1.2.1",
        "electron-to-chromium": "^1.3.634",
        "escalade": "^3.1.1",
        "node-releases": "^1.1.69"
      }
    },
    "buffer-from": {
      "version": "1.1.1",
      "resolved": "https://artifactory.globoi.com/artifactory/api/npm/npm-repos/buffer-from/-/buffer-from-1.1.1.tgz",
      "integrity": "sha1-MnE7wCj3XAL9txDXx7zsHyxgcO8=",
      "dev": true
    },
    "caniuse-lite": {
      "version": "1.0.30001174",
      "resolved": "https://artifactory.globoi.com/artifactory/api/npm/npm-repos/caniuse-lite/-/caniuse-lite-1.0.30001174.tgz",
      "integrity": "sha1-DyrKIVP9iM6weiu5gvwqy3h2I8Q=",
      "dev": true
    },
    "chrome-trace-event": {
      "version": "1.0.2",
      "resolved": "https://artifactory.globoi.com/artifactory/api/npm/npm-repos/chrome-trace-event/-/chrome-trace-event-1.0.2.tgz",
      "integrity": "sha1-I0CQ7pfH1K0aLEvq4nUF3v/GCKQ=",
      "dev": true,
      "requires": {
        "tslib": "^1.9.0"
      }
    },
    "colorette": {
      "version": "1.2.1",
      "resolved": "https://artifactory.globoi.com/artifactory/api/npm/npm-repos/colorette/-/colorette-1.2.1.tgz",
      "integrity": "sha1-TQuSEyXBT6+SYzCGpTbbbolWSxs=",
      "dev": true
    },
    "commander": {
      "version": "2.20.3",
      "resolved": "https://artifactory.globoi.com/artifactory/api/npm/npm-repos/commander/-/commander-2.20.3.tgz",
      "integrity": "sha1-/UhehMA+tIgcIHIrpIA16FMa6zM=",
      "dev": true
    },
    "cross-spawn": {
      "version": "7.0.3",
      "resolved": "https://artifactory.globoi.com/artifactory/api/npm/npm-repos/cross-spawn/-/cross-spawn-7.0.3.tgz",
      "integrity": "sha1-9zqFudXUHQRVUcF34ogtSshXKKY=",
      "dev": true,
      "requires": {
        "path-key": "^3.1.0",
        "shebang-command": "^2.0.0",
        "which": "^2.0.1"
      }
    },
    "electron-to-chromium": {
      "version": "1.3.636",
      "resolved": "https://artifactory.globoi.com/artifactory/api/npm/npm-repos/electron-to-chromium/-/electron-to-chromium-1.3.636.tgz",
      "integrity": "sha1-aYC9kIE6n7dE5D9ehI8WzqSTAFg=",
      "dev": true
    },
    "enhanced-resolve": {
      "version": "5.6.0",
      "resolved": "https://artifactory.globoi.com/artifactory/api/npm/npm-repos/enhanced-resolve/-/enhanced-resolve-5.6.0.tgz",
      "integrity": "sha1-rRmhZl8jCm44RySjCs8/czKys/A=",
      "dev": true,
      "requires": {
        "graceful-fs": "^4.2.4",
        "tapable": "^2.2.0"
      }
    },
    "enquirer": {
      "version": "2.3.6",
      "resolved": "https://artifactory.globoi.com/artifactory/api/npm/npm-repos/enquirer/-/enquirer-2.3.6.tgz",
      "integrity": "sha1-Kn/l3WNKHkElqXXsmU/1RW3Dc00=",
      "dev": true,
      "requires": {
        "ansi-colors": "^4.1.1"
      }
    },
    "envinfo": {
      "version": "7.7.3",
      "resolved": "https://artifactory.globoi.com/artifactory/api/npm/npm-repos/envinfo/-/envinfo-7.7.3.tgz",
      "integrity": "sha1-Sy2GIuPnNmr7gJGyPtlVaeoCCMw=",
      "dev": true
    },
    "escalade": {
      "version": "3.1.1",
      "resolved": "https://artifactory.globoi.com/artifactory/api/npm/npm-repos/escalade/-/escalade-3.1.1.tgz",
      "integrity": "sha1-2M/ccACWXFoBdLSoLqpcBVJ0LkA=",
      "dev": true
    },
    "eslint-scope": {
      "version": "5.1.1",
      "resolved": "https://artifactory.globoi.com/artifactory/api/npm/npm-repos/eslint-scope/-/eslint-scope-5.1.1.tgz",
      "integrity": "sha1-54blmmbLkrP2wfsNUIqrF0hI9Iw=",
      "dev": true,
      "requires": {
        "esrecurse": "^4.3.0",
        "estraverse": "^4.1.1"
      }
    },
    "esrecurse": {
      "version": "4.3.0",
      "resolved": "https://artifactory.globoi.com/artifactory/api/npm/npm-repos/esrecurse/-/esrecurse-4.3.0.tgz",
      "integrity": "sha1-eteWTWeauyi+5yzsY3WLHF0smSE=",
      "dev": true,
      "requires": {
        "estraverse": "^5.2.0"
      },
      "dependencies": {
        "estraverse": {
          "version": "5.2.0",
          "resolved": "https://artifactory.globoi.com/artifactory/api/npm/npm-repos/estraverse/-/estraverse-5.2.0.tgz",
          "integrity": "sha1-MH30JUfmzHMk088DwVXVzbjFOIA=",
          "dev": true
        }
      }
    },
    "estraverse": {
      "version": "4.3.0",
      "resolved": "https://artifactory.globoi.com/artifactory/api/npm/npm-repos/estraverse/-/estraverse-4.3.0.tgz",
      "integrity": "sha1-OYrT88WiSUi+dyXoPRGn3ijNvR0=",
      "dev": true
    },
    "events": {
      "version": "3.2.0",
      "resolved": "https://artifactory.globoi.com/artifactory/api/npm/npm-repos/events/-/events-3.2.0.tgz",
      "integrity": "sha1-k7h8GPjvzUICpGGuxN/AVWtjk3k=",
      "dev": true
    },
    "execa": {
      "version": "5.0.0",
      "resolved": "https://artifactory.globoi.com/artifactory/api/npm/npm-repos/execa/-/execa-5.0.0.tgz",
      "integrity": "sha1-QCmwAHmYqEH70QMuX03oajweM3Y=",
      "dev": true,
      "requires": {
        "cross-spawn": "^7.0.3",
        "get-stream": "^6.0.0",
        "human-signals": "^2.1.0",
        "is-stream": "^2.0.0",
        "merge-stream": "^2.0.0",
        "npm-run-path": "^4.0.1",
        "onetime": "^5.1.2",
        "signal-exit": "^3.0.3",
        "strip-final-newline": "^2.0.0"
      }
    },
    "fast-deep-equal": {
      "version": "3.1.3",
      "resolved": "https://artifactory.globoi.com/artifactory/api/npm/npm-repos/fast-deep-equal/-/fast-deep-equal-3.1.3.tgz",
      "integrity": "sha1-On1WtVnWy8PrUSMlJE5hmmXGxSU=",
      "dev": true
    },
    "fast-json-stable-stringify": {
      "version": "2.1.0",
      "resolved": "https://artifactory.globoi.com/artifactory/api/npm/npm-repos/fast-json-stable-stringify/-/fast-json-stable-stringify-2.1.0.tgz",
      "integrity": "sha1-h0v2nG9ATCtdmcSBNBOZ/VWJJjM=",
      "dev": true
    },
    "fastest-levenshtein": {
      "version": "1.0.12",
      "resolved": "https://artifactory.globoi.com/artifactory/api/npm/npm-repos/fastest-levenshtein/-/fastest-levenshtein-1.0.12.tgz",
      "integrity": "sha1-mZD306iMxan/0fF0V0UlFwDUl+I=",
      "dev": true
    },
    "find-up": {
      "version": "5.0.0",
      "resolved": "https://artifactory.globoi.com/artifactory/api/npm/npm-repos/find-up/-/find-up-5.0.0.tgz",
      "integrity": "sha1-TJKBnstwg1YeT0okCoa+UZj1Nvw=",
      "dev": true,
      "requires": {
        "locate-path": "^6.0.0",
        "path-exists": "^4.0.0"
      }
    },
    "function-bind": {
      "version": "1.1.1",
      "resolved": "https://artifactory.globoi.com/artifactory/api/npm/npm-repos/function-bind/-/function-bind-1.1.1.tgz",
      "integrity": "sha1-pWiZ0+o8m6uHS7l3O3xe3pL0iV0=",
      "dev": true
    },
    "get-stream": {
      "version": "6.0.0",
      "resolved": "https://artifactory.globoi.com/artifactory/api/npm/npm-repos/get-stream/-/get-stream-6.0.0.tgz",
      "integrity": "sha1-PgASy2gnMZ2icG5gGhWD6GKaZxg=",
      "dev": true
    },
    "glob-to-regexp": {
      "version": "0.4.1",
      "resolved": "https://artifactory.globoi.com/artifactory/api/npm/npm-repos/glob-to-regexp/-/glob-to-regexp-0.4.1.tgz",
      "integrity": "sha1-x1KXCHyFG5pXi9IX3VmpL1n+VG4=",
      "dev": true
    },
    "graceful-fs": {
      "version": "4.2.4",
      "resolved": "https://artifactory.globoi.com/artifactory/api/npm/npm-repos/graceful-fs/-/graceful-fs-4.2.4.tgz",
      "integrity": "sha1-Ila94U02MpWMRl68ltxGfKB6Kfs=",
      "dev": true
    },
    "has": {
      "version": "1.0.3",
      "resolved": "https://artifactory.globoi.com/artifactory/api/npm/npm-repos/has/-/has-1.0.3.tgz",
      "integrity": "sha1-ci18v8H2qoJB8W3YFOAR4fQeh5Y=",
      "dev": true,
      "requires": {
        "function-bind": "^1.1.1"
      }
    },
    "has-flag": {
      "version": "4.0.0",
      "resolved": "https://artifactory.globoi.com/artifactory/api/npm/npm-repos/has-flag/-/has-flag-4.0.0.tgz",
      "integrity": "sha1-lEdx/ZyByBJlxNaUGGDaBrtZR5s=",
      "dev": true
    },
    "human-signals": {
      "version": "2.1.0",
      "resolved": "https://artifactory.globoi.com/artifactory/api/npm/npm-repos/human-signals/-/human-signals-2.1.0.tgz",
      "integrity": "sha1-3JH8ukLk0G5Kuu0zs+ejwC9RTqA=",
      "dev": true
    },
    "import-local": {
      "version": "3.0.2",
      "resolved": "https://artifactory.globoi.com/artifactory/api/npm/npm-repos/import-local/-/import-local-3.0.2.tgz",
      "integrity": "sha1-qM/QQx0d5KIZlwPQA+PmI2T6bbY=",
      "dev": true,
      "requires": {
        "pkg-dir": "^4.2.0",
        "resolve-cwd": "^3.0.0"
      },
      "dependencies": {
        "find-up": {
          "version": "4.1.0",
          "resolved": "https://artifactory.globoi.com/artifactory/api/npm/npm-repos/find-up/-/find-up-4.1.0.tgz",
          "integrity": "sha1-l6/n1s3AvFkoWEt8jXsW6KmqXRk=",
          "dev": true,
          "requires": {
            "locate-path": "^5.0.0",
            "path-exists": "^4.0.0"
          }
        },
        "locate-path": {
          "version": "5.0.0",
          "resolved": "https://artifactory.globoi.com/artifactory/api/npm/npm-repos/locate-path/-/locate-path-5.0.0.tgz",
          "integrity": "sha1-Gvujlq/WdqbUJQTQpno6frn2KqA=",
          "dev": true,
          "requires": {
            "p-locate": "^4.1.0"
          }
        },
        "p-limit": {
          "version": "2.3.0",
          "resolved": "https://artifactory.globoi.com/artifactory/api/npm/npm-repos/p-limit/-/p-limit-2.3.0.tgz",
          "integrity": "sha1-PdM8ZHohT9//2DWTPrCG2g3CHbE=",
          "dev": true,
          "requires": {
            "p-try": "^2.0.0"
          }
        },
        "p-locate": {
          "version": "4.1.0",
          "resolved": "https://artifactory.globoi.com/artifactory/api/npm/npm-repos/p-locate/-/p-locate-4.1.0.tgz",
          "integrity": "sha1-o0KLtwiLOmApL2aRkni3wpetTwc=",
          "dev": true,
          "requires": {
            "p-limit": "^2.2.0"
          }
        },
        "pkg-dir": {
          "version": "4.2.0",
          "resolved": "https://artifactory.globoi.com/artifactory/api/npm/npm-repos/pkg-dir/-/pkg-dir-4.2.0.tgz",
          "integrity": "sha1-8JkTPfft5CLoHR2ESCcO6z5CYfM=",
          "dev": true,
          "requires": {
            "find-up": "^4.0.0"
          }
        }
      }
    },
    "interpret": {
      "version": "2.2.0",
      "resolved": "https://artifactory.globoi.com/artifactory/api/npm/npm-repos/interpret/-/interpret-2.2.0.tgz",
      "integrity": "sha1-GnigtZZcQKVBbQB61vUK0nxBffk=",
      "dev": true
    },
    "is-core-module": {
      "version": "2.2.0",
      "resolved": "https://artifactory.globoi.com/artifactory/api/npm/npm-repos/is-core-module/-/is-core-module-2.2.0.tgz",
      "integrity": "sha1-lwN+89UiJNhRY/VZeytj2a/tmBo=",
      "dev": true,
      "requires": {
        "has": "^1.0.3"
      }
    },
    "is-stream": {
      "version": "2.0.0",
      "resolved": "https://artifactory.globoi.com/artifactory/api/npm/npm-repos/is-stream/-/is-stream-2.0.0.tgz",
      "integrity": "sha1-venDJoDW+uBBKdasnZIc54FfeOM=",
      "dev": true
    },
    "isexe": {
      "version": "2.0.0",
      "resolved": "https://artifactory.globoi.com/artifactory/api/npm/npm-repos/isexe/-/isexe-2.0.0.tgz",
      "integrity": "sha1-6PvzdNxVb/iUehDcsFctYz8s+hA=",
      "dev": true
    },
    "jest-worker": {
      "version": "26.6.2",
      "resolved": "https://artifactory.globoi.com/artifactory/api/npm/npm-repos/jest-worker/-/jest-worker-26.6.2.tgz",
      "integrity": "sha1-f3LLxNZDw2Xie5/XdfnQ6qnHqO0=",
      "dev": true,
      "requires": {
        "@types/node": "*",
        "merge-stream": "^2.0.0",
        "supports-color": "^7.0.0"
      }
    },
    "json-parse-better-errors": {
      "version": "1.0.2",
      "resolved": "https://artifactory.globoi.com/artifactory/api/npm/npm-repos/json-parse-better-errors/-/json-parse-better-errors-1.0.2.tgz",
      "integrity": "sha1-u4Z8+zRQ5pEHwTHRxRS6s9yLyqk=",
      "dev": true
    },
    "json-schema-traverse": {
      "version": "0.4.1",
      "resolved": "https://artifactory.globoi.com/artifactory/api/npm/npm-repos/json-schema-traverse/-/json-schema-traverse-0.4.1.tgz",
      "integrity": "sha1-afaofZUTq4u4/mO9sJecRI5oRmA=",
      "dev": true
    },
    "loader-runner": {
      "version": "4.2.0",
      "resolved": "https://artifactory.globoi.com/artifactory/api/npm/npm-repos/loader-runner/-/loader-runner-4.2.0.tgz",
      "integrity": "sha1-1wIjgNZtFMX7HUlriYZOvP1Hg4Q=",
      "dev": true
    },
    "locate-path": {
      "version": "6.0.0",
      "resolved": "https://artifactory.globoi.com/artifactory/api/npm/npm-repos/locate-path/-/locate-path-6.0.0.tgz",
      "integrity": "sha1-VTIeswn+u8WcSAHZMackUqaB0oY=",
      "dev": true,
      "requires": {
        "p-locate": "^5.0.0"
      }
    },
    "lodash": {
      "version": "4.17.20",
      "resolved": "https://artifactory.globoi.com/artifactory/api/npm/npm-repos/lodash/-/lodash-4.17.20.tgz",
      "integrity": "sha1-tEqbYpe8tpjxxRo1RaKzs2jVnFI=",
      "dev": true
    },
    "merge-stream": {
      "version": "2.0.0",
      "resolved": "https://artifactory.globoi.com/artifactory/api/npm/npm-repos/merge-stream/-/merge-stream-2.0.0.tgz",
      "integrity": "sha1-UoI2KaFN0AyXcPtq1H3GMQ8sH2A=",
      "dev": true
    },
    "mime-db": {
      "version": "1.45.0",
      "resolved": "https://artifactory.globoi.com/artifactory/api/npm/npm-repos/mime-db/-/mime-db-1.45.0.tgz",
      "integrity": "sha1-zO7aIczXw6dF66LezVXUtz54eeo=",
      "dev": true
    },
    "mime-types": {
      "version": "2.1.28",
      "resolved": "https://artifactory.globoi.com/artifactory/api/npm/npm-repos/mime-types/-/mime-types-2.1.28.tgz",
      "integrity": "sha1-EWDEdX6rLFNjiI4AUnPs950qDs0=",
      "dev": true,
      "requires": {
        "mime-db": "1.45.0"
      }
    },
    "mimic-fn": {
      "version": "2.1.0",
      "resolved": "https://artifactory.globoi.com/artifactory/api/npm/npm-repos/mimic-fn/-/mimic-fn-2.1.0.tgz",
      "integrity": "sha1-ftLCzMyvhNP/y3pptXcR/CCDQBs=",
      "dev": true
    },
    "neo-async": {
      "version": "2.6.2",
      "resolved": "https://artifactory.globoi.com/artifactory/api/npm/npm-repos/neo-async/-/neo-async-2.6.2.tgz",
      "integrity": "sha1-tKr7k+OustgXTKU88WOrfXMIMF8=",
      "dev": true
    },
    "node-releases": {
      "version": "1.1.69",
      "resolved": "https://artifactory.globoi.com/artifactory/api/npm/npm-repos/node-releases/-/node-releases-1.1.69.tgz",
      "integrity": "sha1-MUnb3lO3gWEM2LSG1i2G4mw3JfY=",
      "dev": true
    },
    "npm-run-path": {
      "version": "4.0.1",
      "resolved": "https://artifactory.globoi.com/artifactory/api/npm/npm-repos/npm-run-path/-/npm-run-path-4.0.1.tgz",
      "integrity": "sha1-t+zR5e1T2o43pV4cImnguX7XSOo=",
      "dev": true,
      "requires": {
        "path-key": "^3.0.0"
      }
    },
    "onetime": {
      "version": "5.1.2",
      "resolved": "https://artifactory.globoi.com/artifactory/api/npm/npm-repos/onetime/-/onetime-5.1.2.tgz",
      "integrity": "sha1-0Oluu1awdHbfHdnEgG5SN5hcpF4=",
      "dev": true,
      "requires": {
        "mimic-fn": "^2.1.0"
      }
    },
    "p-limit": {
      "version": "3.1.0",
      "resolved": "https://artifactory.globoi.com/artifactory/api/npm/npm-repos/p-limit/-/p-limit-3.1.0.tgz",
      "integrity": "sha1-4drMvnjQ0TiMoYxk/qOOPlfjcGs=",
      "dev": true,
      "requires": {
        "yocto-queue": "^0.1.0"
      }
    },
    "p-locate": {
      "version": "5.0.0",
      "resolved": "https://artifactory.globoi.com/artifactory/api/npm/npm-repos/p-locate/-/p-locate-5.0.0.tgz",
      "integrity": "sha1-g8gxXGeFAF470CGDlBHJ4RDm2DQ=",
      "dev": true,
      "requires": {
        "p-limit": "^3.0.2"
      }
    },
    "p-try": {
      "version": "2.2.0",
      "resolved": "https://artifactory.globoi.com/artifactory/api/npm/npm-repos/p-try/-/p-try-2.2.0.tgz",
      "integrity": "sha1-yyhoVA4xPWHeWPr741zpAE1VQOY=",
      "dev": true
    },
    "path-exists": {
      "version": "4.0.0",
      "resolved": "https://artifactory.globoi.com/artifactory/api/npm/npm-repos/path-exists/-/path-exists-4.0.0.tgz",
      "integrity": "sha1-UTvb4tO5XXdi6METfvoZXGxhtbM=",
      "dev": true
    },
    "path-key": {
      "version": "3.1.1",
      "resolved": "https://artifactory.globoi.com/artifactory/api/npm/npm-repos/path-key/-/path-key-3.1.1.tgz",
      "integrity": "sha1-WB9q3mWMu6ZaDTOA3ndTKVBU83U=",
      "dev": true
    },
    "path-parse": {
      "version": "1.0.6",
      "resolved": "https://artifactory.globoi.com/artifactory/api/npm/npm-repos/path-parse/-/path-parse-1.0.6.tgz",
      "integrity": "sha1-1i27VnlAXXLEc37FhgDp3c8G0kw=",
      "dev": true
    },
    "pkg-dir": {
      "version": "5.0.0",
      "resolved": "https://artifactory.globoi.com/artifactory/api/npm/npm-repos/pkg-dir/-/pkg-dir-5.0.0.tgz",
      "integrity": "sha1-oC1q6+a6EzqSj3Suwguv3+a452A=",
      "dev": true,
      "requires": {
        "find-up": "^5.0.0"
      }
    },
    "punycode": {
      "version": "2.1.1",
      "resolved": "https://artifactory.globoi.com/artifactory/api/npm/npm-repos/punycode/-/punycode-2.1.1.tgz",
      "integrity": "sha1-tYsBCsQMIsVldhbI0sLALHv0eew=",
      "dev": true
    },
    "randombytes": {
      "version": "2.1.0",
      "resolved": "https://artifactory.globoi.com/artifactory/api/npm/npm-repos/randombytes/-/randombytes-2.1.0.tgz",
      "integrity": "sha1-32+ENy8CcNxlzfYpE0mrekc9Tyo=",
      "dev": true,
      "requires": {
        "safe-buffer": "^5.1.0"
      }
    },
    "rechoir": {
      "version": "0.7.0",
      "resolved": "https://artifactory.globoi.com/artifactory/api/npm/npm-repos/rechoir/-/rechoir-0.7.0.tgz",
      "integrity": "sha1-MmUP1SwhqyUqpdZbGTEEQcfgOso=",
      "dev": true,
      "requires": {
        "resolve": "^1.9.0"
      }
    },
    "resolve": {
      "version": "1.19.0",
      "resolved": "https://artifactory.globoi.com/artifactory/api/npm/npm-repos/resolve/-/resolve-1.19.0.tgz",
      "integrity": "sha1-GvW/YwQJc0oGfK4pMYqsf6KaJnw=",
      "dev": true,
      "requires": {
        "is-core-module": "^2.1.0",
        "path-parse": "^1.0.6"
      }
    },
    "resolve-cwd": {
      "version": "3.0.0",
      "resolved": "https://artifactory.globoi.com/artifactory/api/npm/npm-repos/resolve-cwd/-/resolve-cwd-3.0.0.tgz",
      "integrity": "sha1-DwB18bslRHZs9zumpuKt/ryxPy0=",
      "dev": true,
      "requires": {
        "resolve-from": "^5.0.0"
      }
    },
    "resolve-from": {
      "version": "5.0.0",
      "resolved": "https://artifactory.globoi.com/artifactory/api/npm/npm-repos/resolve-from/-/resolve-from-5.0.0.tgz",
      "integrity": "sha1-w1IlhD3493bfIcV1V7wIfp39/Gk=",
      "dev": true
    },
    "safe-buffer": {
      "version": "5.2.1",
      "resolved": "https://artifactory.globoi.com/artifactory/api/npm/npm-repos/safe-buffer/-/safe-buffer-5.2.1.tgz",
      "integrity": "sha1-Hq+fqb2x/dTsdfWPnNtOa3gn7sY=",
      "dev": true
    },
    "schema-utils": {
      "version": "3.0.0",
      "resolved": "https://artifactory.globoi.com/artifactory/api/npm/npm-repos/schema-utils/-/schema-utils-3.0.0.tgz",
      "integrity": "sha1-Z1AvaqK2ai1AMrQnmilEl4oJE+8=",
      "dev": true,
      "requires": {
        "@types/json-schema": "^7.0.6",
        "ajv": "^6.12.5",
        "ajv-keywords": "^3.5.2"
      }
    },
    "serialize-javascript": {
      "version": "5.0.1",
      "resolved": "https://artifactory.globoi.com/artifactory/api/npm/npm-repos/serialize-javascript/-/serialize-javascript-5.0.1.tgz",
      "integrity": "sha1-eIbshIBJpGJGepfT2Rjrsqr5NPQ=",
      "dev": true,
      "requires": {
        "randombytes": "^2.1.0"
      }
    },
    "shebang-command": {
      "version": "2.0.0",
      "resolved": "https://artifactory.globoi.com/artifactory/api/npm/npm-repos/shebang-command/-/shebang-command-2.0.0.tgz",
      "integrity": "sha1-zNCvT4g1+9wmW4JGGq8MNmY/NOo=",
      "dev": true,
      "requires": {
        "shebang-regex": "^3.0.0"
      }
    },
    "shebang-regex": {
      "version": "3.0.0",
      "resolved": "https://artifactory.globoi.com/artifactory/api/npm/npm-repos/shebang-regex/-/shebang-regex-3.0.0.tgz",
      "integrity": "sha1-rhbxZE2HPsrYQ7AwexQzYtTEIXI=",
      "dev": true
    },
    "signal-exit": {
      "version": "3.0.3",
      "resolved": "https://artifactory.globoi.com/artifactory/api/npm/npm-repos/signal-exit/-/signal-exit-3.0.3.tgz",
      "integrity": "sha1-oUEMLt2PB3sItOJTyOrPyvBXRhw=",
      "dev": true
    },
    "source-list-map": {
      "version": "2.0.1",
      "resolved": "https://artifactory.globoi.com/artifactory/api/npm/npm-repos/source-list-map/-/source-list-map-2.0.1.tgz",
      "integrity": "sha1-OZO9hzv8SEecyp6jpUeDXHwVSzQ=",
      "dev": true
    },
    "source-map": {
      "version": "0.6.1",
      "resolved": "https://artifactory.globoi.com/artifactory/api/npm/npm-repos/source-map/-/source-map-0.6.1.tgz",
      "integrity": "sha1-dHIq8y6WFOnCh6jQu95IteLxomM=",
      "dev": true
    },
    "source-map-support": {
      "version": "0.5.19",
      "resolved": "https://artifactory.globoi.com/artifactory/api/npm/npm-repos/source-map-support/-/source-map-support-0.5.19.tgz",
      "integrity": "sha1-qYti+G3K9PZzmWSMCFKRq56P7WE=",
      "dev": true,
      "requires": {
        "buffer-from": "^1.0.0",
        "source-map": "^0.6.0"
      }
    },
    "strip-final-newline": {
      "version": "2.0.0",
      "resolved": "https://artifactory.globoi.com/artifactory/api/npm/npm-repos/strip-final-newline/-/strip-final-newline-2.0.0.tgz",
      "integrity": "sha1-ibhS+y/L6Tb29LMYevsKEsGrWK0=",
      "dev": true
    },
    "supports-color": {
      "version": "7.2.0",
      "resolved": "https://artifactory.globoi.com/artifactory/api/npm/npm-repos/supports-color/-/supports-color-7.2.0.tgz",
      "integrity": "sha1-G33NyzK4E4gBs+R4umpRyqiWSNo=",
      "dev": true,
      "requires": {
        "has-flag": "^4.0.0"
      }
    },
    "tapable": {
      "version": "2.2.0",
      "resolved": "https://artifactory.globoi.com/artifactory/api/npm/npm-repos/tapable/-/tapable-2.2.0.tgz",
      "integrity": "sha1-XDc9KB2cZyhIIT0OA30cQWWrQms=",
      "dev": true
    },
    "terser": {
      "version": "5.5.1",
      "resolved": "https://artifactory.globoi.com/artifactory/api/npm/npm-repos/terser/-/terser-5.5.1.tgz",
      "integrity": "sha1-VAyqJROdb0lv3qBW5BQoSIb7Iok=",
      "dev": true,
      "requires": {
        "commander": "^2.20.0",
        "source-map": "~0.7.2",
        "source-map-support": "~0.5.19"
      },
      "dependencies": {
        "source-map": {
          "version": "0.7.3",
          "resolved": "https://artifactory.globoi.com/artifactory/api/npm/npm-repos/source-map/-/source-map-0.7.3.tgz",
          "integrity": "sha1-UwL4FpAxc1ImVECS5kmB91F1A4M=",
          "dev": true
        }
      }
    },
    "terser-webpack-plugin": {
      "version": "5.1.1",
      "resolved": "https://artifactory.globoi.com/artifactory/api/npm/npm-repos/terser-webpack-plugin/-/terser-webpack-plugin-5.1.1.tgz",
      "integrity": "sha1-fv+t7gb37PoJPbvT6asj9fPthnM=",
      "dev": true,
      "requires": {
        "jest-worker": "^26.6.2",
        "p-limit": "^3.1.0",
        "schema-utils": "^3.0.0",
        "serialize-javascript": "^5.0.1",
        "source-map": "^0.6.1",
        "terser": "^5.5.1"
      }
    },
    "tslib": {
      "version": "1.14.1",
      "resolved": "https://artifactory.globoi.com/artifactory/api/npm/npm-repos/tslib/-/tslib-1.14.1.tgz",
      "integrity": "sha1-zy04vcNKE0vK8QkcQfZhni9nLQA=",
      "dev": true
    },
    "uri-js": {
      "version": "4.4.1",
      "resolved": "https://artifactory.globoi.com/artifactory/api/npm/npm-repos/uri-js/-/uri-js-4.4.1.tgz",
      "integrity": "sha1-mxpSWVIlhZ5V9mnZKPiMbFfyp34=",
      "dev": true,
      "requires": {
        "punycode": "^2.1.0"
      }
    },
    "v8-compile-cache": {
      "version": "2.2.0",
      "resolved": "https://artifactory.globoi.com/artifactory/api/npm/npm-repos/v8-compile-cache/-/v8-compile-cache-2.2.0.tgz",
      "integrity": "sha1-lHHvo++RKNL3xqfKOcTda1BVsTI=",
      "dev": true
    },
    "watchpack": {
      "version": "2.1.0",
      "resolved": "https://artifactory.globoi.com/artifactory/api/npm/npm-repos/watchpack/-/watchpack-2.1.0.tgz",
      "integrity": "sha1-5jGUc2vzqiICb3sZHNV5B7D59pY=",
      "dev": true,
      "requires": {
        "glob-to-regexp": "^0.4.1",
        "graceful-fs": "^4.1.2"
      }
    },
    "webpack": {
      "version": "5.13.0",
      "resolved": "https://artifactory.globoi.com/artifactory/api/npm/npm-repos/webpack/-/webpack-5.13.0.tgz",
      "integrity": "sha1-J1NRsEO9ISVi9DkOkDYZ0H1aL88=",
      "dev": true,
      "requires": {
        "@types/eslint-scope": "^3.7.0",
        "@types/estree": "^0.0.45",
        "@webassemblyjs/ast": "1.11.0",
        "@webassemblyjs/wasm-edit": "1.11.0",
        "@webassemblyjs/wasm-parser": "1.11.0",
        "acorn": "^8.0.4",
        "browserslist": "^4.14.5",
        "chrome-trace-event": "^1.0.2",
        "enhanced-resolve": "^5.6.0",
        "eslint-scope": "^5.1.1",
        "events": "^3.2.0",
        "glob-to-regexp": "^0.4.1",
        "graceful-fs": "^4.2.4",
        "json-parse-better-errors": "^1.0.2",
        "loader-runner": "^4.2.0",
        "mime-types": "^2.1.27",
        "neo-async": "^2.6.2",
        "pkg-dir": "^5.0.0",
        "schema-utils": "^3.0.0",
        "tapable": "^2.1.1",
        "terser-webpack-plugin": "^5.1.1",
        "watchpack": "^2.0.0",
        "webpack-sources": "^2.1.1"
      }
    },
    "webpack-cli": {
      "version": "4.3.1",
      "resolved": "https://artifactory.globoi.com/artifactory/api/npm/npm-repos/webpack-cli/-/webpack-cli-4.3.1.tgz",
      "integrity": "sha1-h6eHO8nGpHCKpld1knS2kecqBKg=",
      "dev": true,
      "requires": {
        "@discoveryjs/json-ext": "^0.5.0",
        "@webpack-cli/info": "^1.2.1",
        "@webpack-cli/serve": "^1.2.1",
        "colorette": "^1.2.1",
        "commander": "^6.2.0",
        "enquirer": "^2.3.6",
        "execa": "^5.0.0",
        "fastest-levenshtein": "^1.0.12",
        "import-local": "^3.0.2",
        "interpret": "^2.2.0",
        "rechoir": "^0.7.0",
        "v8-compile-cache": "^2.2.0",
        "webpack-merge": "^4.2.2"
      },
      "dependencies": {
        "commander": {
          "version": "6.2.1",
          "resolved": "https://artifactory.globoi.com/artifactory/api/npm/npm-repos/commander/-/commander-6.2.1.tgz",
          "integrity": "sha1-B5LraC37wyWZm7K4T93duhEKxzw=",
          "dev": true
        }
      }
    },
    "webpack-merge": {
      "version": "4.2.2",
      "resolved": "https://artifactory.globoi.com/artifactory/api/npm/npm-repos/webpack-merge/-/webpack-merge-4.2.2.tgz",
      "integrity": "sha1-onxS6ng9E5iv0gh/VH17nS9DY00=",
      "dev": true,
      "requires": {
        "lodash": "^4.17.15"
      }
    },
    "webpack-sources": {
      "version": "2.2.0",
      "resolved": "https://artifactory.globoi.com/artifactory/api/npm/npm-repos/webpack-sources/-/webpack-sources-2.2.0.tgz",
      "integrity": "sha1-BYkm8549RDGTtsMVRyKYBv/QK6w=",
      "dev": true,
      "requires": {
        "source-list-map": "^2.0.1",
        "source-map": "^0.6.1"
      }
    },
    "which": {
      "version": "2.0.2",
      "resolved": "https://artifactory.globoi.com/artifactory/api/npm/npm-repos/which/-/which-2.0.2.tgz",
      "integrity": "sha1-fGqN0KY2oDJ+ELWckobu6T8/UbE=",
      "dev": true,
      "requires": {
        "isexe": "^2.0.0"
      }
    },
    "yocto-queue": {
      "version": "0.1.0",
      "resolved": "https://artifactory.globoi.com/artifactory/api/npm/npm-repos/yocto-queue/-/yocto-queue-0.1.0.tgz",
      "integrity": "sha1-ApTrPe4FAo0x7hpfosVWpqrxChs=",
      "dev": true
    }
  }
}
